
Microsoft Visual Studio Solution File, Format Version 12.00
# Visual Studio Version 17
VisualStudioVersion = 17.4.33122.133
MinimumVisualStudioVersion = 10.0.40219.1
Project("{FAE04EC0-301F-11D3-BF4B-00C04F79EFBC}") = "MongodbApp", "MongodbApp\MongodbApp.csproj", "{EEB86CF3-B6D2-4A39-A652-46559ED8D9ED}"
EndProject
Global
	GlobalSection(SolutionConfigurationPlatforms) = preSolution
		Debug|Any CPU = Debug|Any CPU
		Release|Any CPU = Release|Any CPU
	EndGlobalSection
	GlobalSection(ProjectConfigurationPlatforms) = postSolution
		{EEB86CF3-B6D2-4A39-A652-46559ED8D9ED}.Debug|Any CPU.ActiveCfg = Debug|Any CPU
		{EEB86CF3-B6D2-4A39-A652-46559ED8D9ED}.Debug|Any CPU.Build.0 = Debug|Any CPU
		{EEB86CF3-B6D2-4A39-A652-46559ED8D9ED}.Release|Any CPU.ActiveCfg = Release|Any CPU
		{EEB86CF3-B6D2-4A39-A652-46559ED8D9ED}.Release|Any CPU.Build.0 = Release|Any CPU
	EndGlobalSection
	GlobalSection(SolutionProperties) = preSolution
		HideSolutionNode = FALSE
	EndGlobalSection
	GlobalSection(ExtensibilityGlobals) = postSolution
		SolutionGuid = {3EC89885-3961-4664-BFC5-C9D48BA5A6DD}
	EndGlobalSection
EndGlobal
